
Microsoft Visual Studio Solution File, Format Version 12.00
# Visual Studio Version 17
VisualStudioVersion = 17.13.35919.96
MinimumVisualStudioVersion = 10.0.40219.1
Project("{FAE04EC0-301F-11D3-BF4B-00C04F79EFBC}") = "PasswordValidationFunction", "PasswordValidationFunction\PasswordValidationFunction.csproj", "{87EAF0B0-6CA8-4D28-81C6-26355AF4C004}"
EndProject
Project("{FAE04EC0-301F-11D3-BF4B-00C04F79EFBC}") = "HMS_API", "..\HMS_API\HMS_API\HMS_API.csproj", "{E27696EB-4EDB-7F3E-0483-16F1F8AD62D1}"
EndProject
Global
	GlobalSection(SolutionConfigurationPlatforms) = preSolution
		Debug|Any CPU = Debug|Any CPU
		Release|Any CPU = Release|Any CPU
	EndGlobalSection
	GlobalSection(ProjectConfigurationPlatforms) = postSolution
		{87EAF0B0-6CA8-4D28-81C6-26355AF4C004}.Debug|Any CPU.ActiveCfg = Debug|Any CPU
		{87EAF0B0-6CA8-4D28-81C6-26355AF4C004}.Debug|Any CPU.Build.0 = Debug|Any CPU
		{87EAF0B0-6CA8-4D28-81C6-26355AF4C004}.Release|Any CPU.ActiveCfg = Release|Any CPU
		{87EAF0B0-6CA8-4D28-81C6-26355AF4C004}.Release|Any CPU.Build.0 = Release|Any CPU
		{E27696EB-4EDB-7F3E-0483-16F1F8AD62D1}.Debug|Any CPU.ActiveCfg = Debug|Any CPU
		{E27696EB-4EDB-7F3E-0483-16F1F8AD62D1}.Debug|Any CPU.Build.0 = Debug|Any CPU
		{E27696EB-4EDB-7F3E-0483-16F1F8AD62D1}.Release|Any CPU.ActiveCfg = Release|Any CPU
		{E27696EB-4EDB-7F3E-0483-16F1F8AD62D1}.Release|Any CPU.Build.0 = Release|Any CPU
	EndGlobalSection
	GlobalSection(SolutionProperties) = preSolution
		HideSolutionNode = FALSE
	EndGlobalSection
	GlobalSection(ExtensibilityGlobals) = postSolution
		SolutionGuid = {1AF67032-ACF6-4833-814A-2015ACE729FB}
	EndGlobalSection
EndGlobal
